
Microsoft Visual Studio Solution File, Format Version 12.00
# Visual Studio Version 16
VisualStudioVersion = 16.0.29215.179
MinimumVisualStudioVersion = 10.0.40219.1
Project("{FAE04EC0-301F-11D3-BF4B-00C04F79EFBC}") = "Bytebank", "Bytebank\Bytebank.csproj", "{B55B21DD-EE17-452D-8C46-A5E81BA8B6B0}"
EndProject
Global
	GlobalSection(SolutionConfigurationPlatforms) = preSolution
		Debug|Any CPU = Debug|Any CPU
		Release|Any CPU = Release|Any CPU
	EndGlobalSection
	GlobalSection(ProjectConfigurationPlatforms) = postSolution
		{B55B21DD-EE17-452D-8C46-A5E81BA8B6B0}.Debug|Any CPU.ActiveCfg = Debug|Any CPU
		{B55B21DD-EE17-452D-8C46-A5E81BA8B6B0}.Debug|Any CPU.Build.0 = Debug|Any CPU
		{B55B21DD-EE17-452D-8C46-A5E81BA8B6B0}.Release|Any CPU.ActiveCfg = Release|Any CPU
		{B55B21DD-EE17-452D-8C46-A5E81BA8B6B0}.Release|Any CPU.Build.0 = Release|Any CPU
	EndGlobalSection
	GlobalSection(SolutionProperties) = preSolution
		HideSolutionNode = FALSE
	EndGlobalSection
	GlobalSection(ExtensibilityGlobals) = postSolution
		SolutionGuid = {85EA3A8B-FEBB-4A75-86ED-94ABA5D2E318}
	EndGlobalSection
EndGlobal
